
Microsoft Visual Studio Solution File, Format Version 12.00
# Visual Studio Version 17
VisualStudioVersion = 17.8.34601.278
MinimumVisualStudioVersion = 10.0.40219.1
Project("{2150E333-8FDC-42A3-9474-1A3956D46DE8}") = "src", "src", "{C2D49FCF-804B-4D11-AAA5-E9F1D61E1A4E}"
EndProject
Project("{2150E333-8FDC-42A3-9474-1A3956D46DE8}") = "demo", "demo", "{ED6B87EB-3428-47F6-8391-D1973DAD1DFC}"
EndProject
Project("{FAE04EC0-301F-11D3-BF4B-00C04F79EFBC}") = "EasyCore.EFCoreRepository", "src\EasyCore.EFCoreRepository\EasyCore.EFCoreRepository.csproj", "{B97E9D07-A56E-46DD-8B6D-048FBC6F1583}"
EndProject
Project("{FAE04EC0-301F-11D3-BF4B-00C04F79EFBC}") = "EFCore", "demo\EFCore\EFCore.csproj", "{D59F2C3B-8727-4A18-969B-84ED210A061A}"
EndProject
Project("{FAE04EC0-301F-11D3-BF4B-00C04F79EFBC}") = "EasyCore.EFCoreRepository.Demo", "demo\EasyCore.EFCoreRepository.Demo\EasyCore.EFCoreRepository.Demo.csproj", "{00CC80FF-AA14-4935-8AA8-00D882C2E91B}"
EndProject
Project("{FAE04EC0-301F-11D3-BF4B-00C04F79EFBC}") = "DbMigrator", "DbMigrator\DbMigrator.csproj", "{49780818-6158-499E-9111-5F2F543D4CEE}"
EndProject
Project("{FAE04EC0-301F-11D3-BF4B-00C04F79EFBC}") = "EasyCore.EFCoreUnitOfWork", "src\EasyCore.EFCoreUnitOfWork\EasyCore.EFCoreUnitOfWork.csproj", "{3C786E08-F81B-4321-8369-B970D0D1159F}"
EndProject
Project("{FAE04EC0-301F-11D3-BF4B-00C04F79EFBC}") = "EasyCore.EFCoreEntityChange", "src\EasyCore.EFCoreEntityChange\EasyCore.EFCoreEntityChange.csproj", "{31115DEB-08A9-44FB-B99D-9D8430DB27B1}"
EndProject
Global
	GlobalSection(SolutionConfigurationPlatforms) = preSolution
		Debug|Any CPU = Debug|Any CPU
		Release|Any CPU = Release|Any CPU
	EndGlobalSection
	GlobalSection(ProjectConfigurationPlatforms) = postSolution
		{B97E9D07-A56E-46DD-8B6D-048FBC6F1583}.Debug|Any CPU.ActiveCfg = Debug|Any CPU
		{B97E9D07-A56E-46DD-8B6D-048FBC6F1583}.Debug|Any CPU.Build.0 = Debug|Any CPU
		{B97E9D07-A56E-46DD-8B6D-048FBC6F1583}.Release|Any CPU.ActiveCfg = Release|Any CPU
		{B97E9D07-A56E-46DD-8B6D-048FBC6F1583}.Release|Any CPU.Build.0 = Release|Any CPU
		{D59F2C3B-8727-4A18-969B-84ED210A061A}.Debug|Any CPU.ActiveCfg = Debug|Any CPU
		{D59F2C3B-8727-4A18-969B-84ED210A061A}.Debug|Any CPU.Build.0 = Debug|Any CPU
		{D59F2C3B-8727-4A18-969B-84ED210A061A}.Release|Any CPU.ActiveCfg = Release|Any CPU
		{D59F2C3B-8727-4A18-969B-84ED210A061A}.Release|Any CPU.Build.0 = Release|Any CPU
		{00CC80FF-AA14-4935-8AA8-00D882C2E91B}.Debug|Any CPU.ActiveCfg = Debug|Any CPU
		{00CC80FF-AA14-4935-8AA8-00D882C2E91B}.Debug|Any CPU.Build.0 = Debug|Any CPU
		{00CC80FF-AA14-4935-8AA8-00D882C2E91B}.Release|Any CPU.ActiveCfg = Release|Any CPU
		{00CC80FF-AA14-4935-8AA8-00D882C2E91B}.Release|Any CPU.Build.0 = Release|Any CPU
		{49780818-6158-499E-9111-5F2F543D4CEE}.Debug|Any CPU.ActiveCfg = Debug|Any CPU
		{49780818-6158-499E-9111-5F2F543D4CEE}.Debug|Any CPU.Build.0 = Debug|Any CPU
		{49780818-6158-499E-9111-5F2F543D4CEE}.Release|Any CPU.ActiveCfg = Release|Any CPU
		{49780818-6158-499E-9111-5F2F543D4CEE}.Release|Any CPU.Build.0 = Release|Any CPU
		{3C786E08-F81B-4321-8369-B970D0D1159F}.Debug|Any CPU.ActiveCfg = Debug|Any CPU
		{3C786E08-F81B-4321-8369-B970D0D1159F}.Debug|Any CPU.Build.0 = Debug|Any CPU
		{3C786E08-F81B-4321-8369-B970D0D1159F}.Release|Any CPU.ActiveCfg = Release|Any CPU
		{3C786E08-F81B-4321-8369-B970D0D1159F}.Release|Any CPU.Build.0 = Release|Any CPU
		{31115DEB-08A9-44FB-B99D-9D8430DB27B1}.Debug|Any CPU.ActiveCfg = Debug|Any CPU
		{31115DEB-08A9-44FB-B99D-9D8430DB27B1}.Debug|Any CPU.Build.0 = Debug|Any CPU
		{31115DEB-08A9-44FB-B99D-9D8430DB27B1}.Release|Any CPU.ActiveCfg = Release|Any CPU
		{31115DEB-08A9-44FB-B99D-9D8430DB27B1}.Release|Any CPU.Build.0 = Release|Any CPU
	EndGlobalSection
	GlobalSection(SolutionProperties) = preSolution
		HideSolutionNode = FALSE
	EndGlobalSection
	GlobalSection(NestedProjects) = preSolution
		{B97E9D07-A56E-46DD-8B6D-048FBC6F1583} = {C2D49FCF-804B-4D11-AAA5-E9F1D61E1A4E}
		{D59F2C3B-8727-4A18-969B-84ED210A061A} = {ED6B87EB-3428-47F6-8391-D1973DAD1DFC}
		{00CC80FF-AA14-4935-8AA8-00D882C2E91B} = {ED6B87EB-3428-47F6-8391-D1973DAD1DFC}
		{49780818-6158-499E-9111-5F2F543D4CEE} = {ED6B87EB-3428-47F6-8391-D1973DAD1DFC}
		{3C786E08-F81B-4321-8369-B970D0D1159F} = {C2D49FCF-804B-4D11-AAA5-E9F1D61E1A4E}
		{31115DEB-08A9-44FB-B99D-9D8430DB27B1} = {C2D49FCF-804B-4D11-AAA5-E9F1D61E1A4E}
	EndGlobalSection
	GlobalSection(ExtensibilityGlobals) = postSolution
		SolutionGuid = {1BDB2D7C-36CD-492E-8DC8-C408526FB358}
	EndGlobalSection
EndGlobal
