
Microsoft Visual Studio Solution File, Format Version 12.00
# Visual Studio Version 17
VisualStudioVersion = 17.8.34601.278
MinimumVisualStudioVersion = 10.0.40219.1
Project("{2150E333-8FDC-42A3-9474-1A3956D46DE8}") = "src", "src", "{C2D49FCF-804B-4D11-AAA5-E9F1D61E1A4E}"
EndProject
Project("{2150E333-8FDC-42A3-9474-1A3956D46DE8}") = "demo", "demo", "{ED6B87EB-3428-47F6-8391-D1973DAD1DFC}"
EndProject
Project("{FAE04EC0-301F-11D3-BF4B-00C04F79EFBC}") = "EasyCore.EFCoreRepository", "src\EasyCore.EFCoreRepository\EasyCore.EFCoreRepository.csproj", "{B97E9D07-A56E-46DD-8B6D-048FBC6F1583}"
EndProject
Project("{2150E333-8FDC-42A3-9474-1A3956D46DE8}") = "EFCore", "EFCore", "{02EA681E-C7D8-13C7-8484-4AC65E1B71E8}"
EndProject
Project("{2150E333-8FDC-42A3-9474-1A3956D46DE8}") = "MongoDb", "MongoDb", "{8BC5FD3F-1DA0-40CE-B353-2A22665B19C4}"
EndProject
Project("{FAE04EC0-301F-11D3-BF4B-00C04F79EFBC}") = "EFCore", "demo\EFCoreDemo\EFCore\EFCore.csproj", "{7591B2E0-E654-0807-3C55-AE3E7394C3B9}"
EndProject
Project("{FAE04EC0-301F-11D3-BF4B-00C04F79EFBC}") = "EasyCore.EFCoreRepository.Demo", "demo\EFCoreDemo\EasyCore.EFCoreRepository.Demo\EasyCore.EFCoreRepository.Demo.csproj", "{C3DDD662-6193-03EE-D780-E0AF7043DAB7}"
EndProject
Project("{FAE04EC0-301F-11D3-BF4B-00C04F79EFBC}") = "DbMigrator", "demo\EFCoreDemo\DbMigrator\DbMigrator.csproj", "{8E9D752E-4C87-BCC8-1E15-C30E0ADE441F}"
EndProject
Project("{FAE04EC0-301F-11D3-BF4B-00C04F79EFBC}") = "MongoDb", "demo\MongoDbDemo\MongoDb\MongoDb.csproj", "{7B7A7422-1E23-7D20-7CDE-F557E6B8B8D7}"
EndProject
Project("{FAE04EC0-301F-11D3-BF4B-00C04F79EFBC}") = "EasyCore.MongoDbRepository.Demo", "demo\MongoDbDemo\EasyCore.MongoDbRepository.Demo\EasyCore.MongoDbRepository.Demo.csproj", "{657E813D-46C0-C12D-417A-6824E2BB5C9F}"
EndProject
Project("{FAE04EC0-301F-11D3-BF4B-00C04F79EFBC}") = "EasyCore.EntityChange", "src\EasyCore.EntityChange\EasyCore.EntityChange.csproj", "{FEDBA8AE-B233-ECB5-4AA5-CC0E2CED132B}"
EndProject
Project("{FAE04EC0-301F-11D3-BF4B-00C04F79EFBC}") = "EasyCore.MongoDbRepository", "src\EasyCore.MongoDbRepository\EasyCore.MongoDbRepository.csproj", "{AE29080E-ABA8-5E62-D5B8-99F0FB654799}"
EndProject
Project("{FAE04EC0-301F-11D3-BF4B-00C04F79EFBC}") = "EasyCore.UnitOfWork", "src\EasyCore.UnitOfWork\EasyCore.UnitOfWork.csproj", "{0E324FCF-EA72-F811-B24A-267C5BAAD0E9}"
EndProject
Project("{2150E333-8FDC-42A3-9474-1A3956D46DE8}") = "tests", "tests", "{0AB3BF05-4346-4AA6-1389-037BE0695223}"
EndProject
Project("{FAE04EC0-301F-11D3-BF4B-00C04F79EFBC}") = "EasyCore.EFCoreRepository.Tests", "tests\EasyCore.EFCoreRepository.Tests\EasyCore.EFCoreRepository.Tests.csproj", "{C17982B0-F9D1-4955-AA69-D40CA42EC53E}"
EndProject
Project("{FAE04EC0-301F-11D3-BF4B-00C04F79EFBC}") = "EasyCore.UnitOfWork.Tests", "tests\EasyCore.UnitOfWork.Tests\EasyCore.UnitOfWork.Tests.csproj", "{EAE7224D-774D-4409-A7E1-8B6D6E676BD1}"
EndProject
Project("{FAE04EC0-301F-11D3-BF4B-00C04F79EFBC}") = "EasyCore.EntityChange.Tests", "tests\EasyCore.EntityChange.Tests\EasyCore.EntityChange.Tests.csproj", "{354AEC60-44FE-400D-9A5D-85AB1DFFCD37}"
EndProject
Global
	GlobalSection(SolutionConfigurationPlatforms) = preSolution
		Debug|Any CPU = Debug|Any CPU
		Debug|x64 = Debug|x64
		Debug|x86 = Debug|x86
		Release|Any CPU = Release|Any CPU
		Release|x64 = Release|x64
		Release|x86 = Release|x86
	EndGlobalSection
	GlobalSection(ProjectConfigurationPlatforms) = postSolution
		{B97E9D07-A56E-46DD-8B6D-048FBC6F1583}.Debug|Any CPU.ActiveCfg = Debug|Any CPU
		{B97E9D07-A56E-46DD-8B6D-048FBC6F1583}.Debug|Any CPU.Build.0 = Debug|Any CPU
		{B97E9D07-A56E-46DD-8B6D-048FBC6F1583}.Debug|x64.ActiveCfg = Debug|Any CPU
		{B97E9D07-A56E-46DD-8B6D-048FBC6F1583}.Debug|x64.Build.0 = Debug|Any CPU
		{B97E9D07-A56E-46DD-8B6D-048FBC6F1583}.Debug|x86.ActiveCfg = Debug|Any CPU
		{B97E9D07-A56E-46DD-8B6D-048FBC6F1583}.Debug|x86.Build.0 = Debug|Any CPU
		{B97E9D07-A56E-46DD-8B6D-048FBC6F1583}.Release|Any CPU.ActiveCfg = Release|Any CPU
		{B97E9D07-A56E-46DD-8B6D-048FBC6F1583}.Release|Any CPU.Build.0 = Release|Any CPU
		{B97E9D07-A56E-46DD-8B6D-048FBC6F1583}.Release|x64.ActiveCfg = Release|Any CPU
		{B97E9D07-A56E-46DD-8B6D-048FBC6F1583}.Release|x64.Build.0 = Release|Any CPU
		{B97E9D07-A56E-46DD-8B6D-048FBC6F1583}.Release|x86.ActiveCfg = Release|Any CPU
		{B97E9D07-A56E-46DD-8B6D-048FBC6F1583}.Release|x86.Build.0 = Release|Any CPU
		{7591B2E0-E654-0807-3C55-AE3E7394C3B9}.Debug|Any CPU.ActiveCfg = Debug|Any CPU
		{7591B2E0-E654-0807-3C55-AE3E7394C3B9}.Debug|Any CPU.Build.0 = Debug|Any CPU
		{7591B2E0-E654-0807-3C55-AE3E7394C3B9}.Debug|x64.ActiveCfg = Debug|Any CPU
		{7591B2E0-E654-0807-3C55-AE3E7394C3B9}.Debug|x64.Build.0 = Debug|Any CPU
		{7591B2E0-E654-0807-3C55-AE3E7394C3B9}.Debug|x86.ActiveCfg = Debug|Any CPU
		{7591B2E0-E654-0807-3C55-AE3E7394C3B9}.Debug|x86.Build.0 = Debug|Any CPU
		{7591B2E0-E654-0807-3C55-AE3E7394C3B9}.Release|Any CPU.ActiveCfg = Release|Any CPU
		{7591B2E0-E654-0807-3C55-AE3E7394C3B9}.Release|Any CPU.Build.0 = Release|Any CPU
		{7591B2E0-E654-0807-3C55-AE3E7394C3B9}.Release|x64.ActiveCfg = Release|Any CPU
		{7591B2E0-E654-0807-3C55-AE3E7394C3B9}.Release|x64.Build.0 = Release|Any CPU
		{7591B2E0-E654-0807-3C55-AE3E7394C3B9}.Release|x86.ActiveCfg = Release|Any CPU
		{7591B2E0-E654-0807-3C55-AE3E7394C3B9}.Release|x86.Build.0 = Release|Any CPU
		{C3DDD662-6193-03EE-D780-E0AF7043DAB7}.Debug|Any CPU.ActiveCfg = Debug|Any CPU
		{C3DDD662-6193-03EE-D780-E0AF7043DAB7}.Debug|Any CPU.Build.0 = Debug|Any CPU
		{C3DDD662-6193-03EE-D780-E0AF7043DAB7}.Debug|x64.ActiveCfg = Debug|Any CPU
		{C3DDD662-6193-03EE-D780-E0AF7043DAB7}.Debug|x64.Build.0 = Debug|Any CPU
		{C3DDD662-6193-03EE-D780-E0AF7043DAB7}.Debug|x86.ActiveCfg = Debug|Any CPU
		{C3DDD662-6193-03EE-D780-E0AF7043DAB7}.Debug|x86.Build.0 = Debug|Any CPU
		{C3DDD662-6193-03EE-D780-E0AF7043DAB7}.Release|Any CPU.ActiveCfg = Release|Any CPU
		{C3DDD662-6193-03EE-D780-E0AF7043DAB7}.Release|Any CPU.Build.0 = Release|Any CPU
		{C3DDD662-6193-03EE-D780-E0AF7043DAB7}.Release|x64.ActiveCfg = Release|Any CPU
		{C3DDD662-6193-03EE-D780-E0AF7043DAB7}.Release|x64.Build.0 = Release|Any CPU
		{C3DDD662-6193-03EE-D780-E0AF7043DAB7}.Release|x86.ActiveCfg = Release|Any CPU
		{C3DDD662-6193-03EE-D780-E0AF7043DAB7}.Release|x86.Build.0 = Release|Any CPU
		{8E9D752E-4C87-BCC8-1E15-C30E0ADE441F}.Debug|Any CPU.ActiveCfg = Debug|Any CPU
		{8E9D752E-4C87-BCC8-1E15-C30E0ADE441F}.Debug|Any CPU.Build.0 = Debug|Any CPU
		{8E9D752E-4C87-BCC8-1E15-C30E0ADE441F}.Debug|x64.ActiveCfg = Debug|Any CPU
		{8E9D752E-4C87-BCC8-1E15-C30E0ADE441F}.Debug|x64.Build.0 = Debug|Any CPU
		{8E9D752E-4C87-BCC8-1E15-C30E0ADE441F}.Debug|x86.ActiveCfg = Debug|Any CPU
		{8E9D752E-4C87-BCC8-1E15-C30E0ADE441F}.Debug|x86.Build.0 = Debug|Any CPU
		{8E9D752E-4C87-BCC8-1E15-C30E0ADE441F}.Release|Any CPU.ActiveCfg = Release|Any CPU
		{8E9D752E-4C87-BCC8-1E15-C30E0ADE441F}.Release|Any CPU.Build.0 = Release|Any CPU
		{8E9D752E-4C87-BCC8-1E15-C30E0ADE441F}.Release|x64.ActiveCfg = Release|Any CPU
		{8E9D752E-4C87-BCC8-1E15-C30E0ADE441F}.Release|x64.Build.0 = Release|Any CPU
		{8E9D752E-4C87-BCC8-1E15-C30E0ADE441F}.Release|x86.ActiveCfg = Release|Any CPU
		{8E9D752E-4C87-BCC8-1E15-C30E0ADE441F}.Release|x86.Build.0 = Release|Any CPU
		{7B7A7422-1E23-7D20-7CDE-F557E6B8B8D7}.Debug|Any CPU.ActiveCfg = Debug|Any CPU
		{7B7A7422-1E23-7D20-7CDE-F557E6B8B8D7}.Debug|Any CPU.Build.0 = Debug|Any CPU
		{7B7A7422-1E23-7D20-7CDE-F557E6B8B8D7}.Debug|x64.ActiveCfg = Debug|Any CPU
		{7B7A7422-1E23-7D20-7CDE-F557E6B8B8D7}.Debug|x64.Build.0 = Debug|Any CPU
		{7B7A7422-1E23-7D20-7CDE-F557E6B8B8D7}.Debug|x86.ActiveCfg = Debug|Any CPU
		{7B7A7422-1E23-7D20-7CDE-F557E6B8B8D7}.Debug|x86.Build.0 = Debug|Any CPU
		{7B7A7422-1E23-7D20-7CDE-F557E6B8B8D7}.Release|Any CPU.ActiveCfg = Release|Any CPU
		{7B7A7422-1E23-7D20-7CDE-F557E6B8B8D7}.Release|Any CPU.Build.0 = Release|Any CPU
		{7B7A7422-1E23-7D20-7CDE-F557E6B8B8D7}.Release|x64.ActiveCfg = Release|Any CPU
		{7B7A7422-1E23-7D20-7CDE-F557E6B8B8D7}.Release|x64.Build.0 = Release|Any CPU
		{7B7A7422-1E23-7D20-7CDE-F557E6B8B8D7}.Release|x86.ActiveCfg = Release|Any CPU
		{7B7A7422-1E23-7D20-7CDE-F557E6B8B8D7}.Release|x86.Build.0 = Release|Any CPU
		{657E813D-46C0-C12D-417A-6824E2BB5C9F}.Debug|Any CPU.ActiveCfg = Debug|Any CPU
		{657E813D-46C0-C12D-417A-6824E2BB5C9F}.Debug|Any CPU.Build.0 = Debug|Any CPU
		{657E813D-46C0-C12D-417A-6824E2BB5C9F}.Debug|x64.ActiveCfg = Debug|Any CPU
		{657E813D-46C0-C12D-417A-6824E2BB5C9F}.Debug|x64.Build.0 = Debug|Any CPU
		{657E813D-46C0-C12D-417A-6824E2BB5C9F}.Debug|x86.ActiveCfg = Debug|Any CPU
		{657E813D-46C0-C12D-417A-6824E2BB5C9F}.Debug|x86.Build.0 = Debug|Any CPU
		{657E813D-46C0-C12D-417A-6824E2BB5C9F}.Release|Any CPU.ActiveCfg = Release|Any CPU
		{657E813D-46C0-C12D-417A-6824E2BB5C9F}.Release|Any CPU.Build.0 = Release|Any CPU
		{657E813D-46C0-C12D-417A-6824E2BB5C9F}.Release|x64.ActiveCfg = Release|Any CPU
		{657E813D-46C0-C12D-417A-6824E2BB5C9F}.Release|x64.Build.0 = Release|Any CPU
		{657E813D-46C0-C12D-417A-6824E2BB5C9F}.Release|x86.ActiveCfg = Release|Any CPU
		{657E813D-46C0-C12D-417A-6824E2BB5C9F}.Release|x86.Build.0 = Release|Any CPU
		{FEDBA8AE-B233-ECB5-4AA5-CC0E2CED132B}.Debug|Any CPU.ActiveCfg = Debug|Any CPU
		{FEDBA8AE-B233-ECB5-4AA5-CC0E2CED132B}.Debug|Any CPU.Build.0 = Debug|Any CPU
		{FEDBA8AE-B233-ECB5-4AA5-CC0E2CED132B}.Debug|x64.ActiveCfg = Debug|Any CPU
		{FEDBA8AE-B233-ECB5-4AA5-CC0E2CED132B}.Debug|x64.Build.0 = Debug|Any CPU
		{FEDBA8AE-B233-ECB5-4AA5-CC0E2CED132B}.Debug|x86.ActiveCfg = Debug|Any CPU
		{FEDBA8AE-B233-ECB5-4AA5-CC0E2CED132B}.Debug|x86.Build.0 = Debug|Any CPU
		{FEDBA8AE-B233-ECB5-4AA5-CC0E2CED132B}.Release|Any CPU.ActiveCfg = Release|Any CPU
		{FEDBA8AE-B233-ECB5-4AA5-CC0E2CED132B}.Release|Any CPU.Build.0 = Release|Any CPU
		{FEDBA8AE-B233-ECB5-4AA5-CC0E2CED132B}.Release|x64.ActiveCfg = Release|Any CPU
		{FEDBA8AE-B233-ECB5-4AA5-CC0E2CED132B}.Release|x64.Build.0 = Release|Any CPU
		{FEDBA8AE-B233-ECB5-4AA5-CC0E2CED132B}.Release|x86.ActiveCfg = Release|Any CPU
		{FEDBA8AE-B233-ECB5-4AA5-CC0E2CED132B}.Release|x86.Build.0 = Release|Any CPU
		{AE29080E-ABA8-5E62-D5B8-99F0FB654799}.Debug|Any CPU.ActiveCfg = Debug|Any CPU
		{AE29080E-ABA8-5E62-D5B8-99F0FB654799}.Debug|Any CPU.Build.0 = Debug|Any CPU
		{AE29080E-ABA8-5E62-D5B8-99F0FB654799}.Debug|x64.ActiveCfg = Debug|Any CPU
		{AE29080E-ABA8-5E62-D5B8-99F0FB654799}.Debug|x64.Build.0 = Debug|Any CPU
		{AE29080E-ABA8-5E62-D5B8-99F0FB654799}.Debug|x86.ActiveCfg = Debug|Any CPU
		{AE29080E-ABA8-5E62-D5B8-99F0FB654799}.Debug|x86.Build.0 = Debug|Any CPU
		{AE29080E-ABA8-5E62-D5B8-99F0FB654799}.Release|Any CPU.ActiveCfg = Release|Any CPU
		{AE29080E-ABA8-5E62-D5B8-99F0FB654799}.Release|Any CPU.Build.0 = Release|Any CPU
		{AE29080E-ABA8-5E62-D5B8-99F0FB654799}.Release|x64.ActiveCfg = Release|Any CPU
		{AE29080E-ABA8-5E62-D5B8-99F0FB654799}.Release|x64.Build.0 = Release|Any CPU
		{AE29080E-ABA8-5E62-D5B8-99F0FB654799}.Release|x86.ActiveCfg = Release|Any CPU
		{AE29080E-ABA8-5E62-D5B8-99F0FB654799}.Release|x86.Build.0 = Release|Any CPU
		{0E324FCF-EA72-F811-B24A-267C5BAAD0E9}.Debug|Any CPU.ActiveCfg = Debug|Any CPU
		{0E324FCF-EA72-F811-B24A-267C5BAAD0E9}.Debug|Any CPU.Build.0 = Debug|Any CPU
		{0E324FCF-EA72-F811-B24A-267C5BAAD0E9}.Debug|x64.ActiveCfg = Debug|Any CPU
		{0E324FCF-EA72-F811-B24A-267C5BAAD0E9}.Debug|x64.Build.0 = Debug|Any CPU
		{0E324FCF-EA72-F811-B24A-267C5BAAD0E9}.Debug|x86.ActiveCfg = Debug|Any CPU
		{0E324FCF-EA72-F811-B24A-267C5BAAD0E9}.Debug|x86.Build.0 = Debug|Any CPU
		{0E324FCF-EA72-F811-B24A-267C5BAAD0E9}.Release|Any CPU.ActiveCfg = Release|Any CPU
		{0E324FCF-EA72-F811-B24A-267C5BAAD0E9}.Release|Any CPU.Build.0 = Release|Any CPU
		{0E324FCF-EA72-F811-B24A-267C5BAAD0E9}.Release|x64.ActiveCfg = Release|Any CPU
		{0E324FCF-EA72-F811-B24A-267C5BAAD0E9}.Release|x64.Build.0 = Release|Any CPU
		{0E324FCF-EA72-F811-B24A-267C5BAAD0E9}.Release|x86.ActiveCfg = Release|Any CPU
		{0E324FCF-EA72-F811-B24A-267C5BAAD0E9}.Release|x86.Build.0 = Release|Any CPU
		{C17982B0-F9D1-4955-AA69-D40CA42EC53E}.Debug|Any CPU.ActiveCfg = Debug|Any CPU
		{C17982B0-F9D1-4955-AA69-D40CA42EC53E}.Debug|Any CPU.Build.0 = Debug|Any CPU
		{C17982B0-F9D1-4955-AA69-D40CA42EC53E}.Debug|x64.ActiveCfg = Debug|Any CPU
		{C17982B0-F9D1-4955-AA69-D40CA42EC53E}.Debug|x64.Build.0 = Debug|Any CPU
		{C17982B0-F9D1-4955-AA69-D40CA42EC53E}.Debug|x86.ActiveCfg = Debug|Any CPU
		{C17982B0-F9D1-4955-AA69-D40CA42EC53E}.Debug|x86.Build.0 = Debug|Any CPU
		{C17982B0-F9D1-4955-AA69-D40CA42EC53E}.Release|Any CPU.ActiveCfg = Release|Any CPU
		{C17982B0-F9D1-4955-AA69-D40CA42EC53E}.Release|Any CPU.Build.0 = Release|Any CPU
		{C17982B0-F9D1-4955-AA69-D40CA42EC53E}.Release|x64.ActiveCfg = Release|Any CPU
		{C17982B0-F9D1-4955-AA69-D40CA42EC53E}.Release|x64.Build.0 = Release|Any CPU
		{C17982B0-F9D1-4955-AA69-D40CA42EC53E}.Release|x86.ActiveCfg = Release|Any CPU
		{C17982B0-F9D1-4955-AA69-D40CA42EC53E}.Release|x86.Build.0 = Release|Any CPU
		{EAE7224D-774D-4409-A7E1-8B6D6E676BD1}.Debug|Any CPU.ActiveCfg = Debug|Any CPU
		{EAE7224D-774D-4409-A7E1-8B6D6E676BD1}.Debug|Any CPU.Build.0 = Debug|Any CPU
		{EAE7224D-774D-4409-A7E1-8B6D6E676BD1}.Debug|x64.ActiveCfg = Debug|Any CPU
		{EAE7224D-774D-4409-A7E1-8B6D6E676BD1}.Debug|x64.Build.0 = Debug|Any CPU
		{EAE7224D-774D-4409-A7E1-8B6D6E676BD1}.Debug|x86.ActiveCfg = Debug|Any CPU
		{EAE7224D-774D-4409-A7E1-8B6D6E676BD1}.Debug|x86.Build.0 = Debug|Any CPU
		{EAE7224D-774D-4409-A7E1-8B6D6E676BD1}.Release|Any CPU.ActiveCfg = Release|Any CPU
		{EAE7224D-774D-4409-A7E1-8B6D6E676BD1}.Release|Any CPU.Build.0 = Release|Any CPU
		{EAE7224D-774D-4409-A7E1-8B6D6E676BD1}.Release|x64.ActiveCfg = Release|Any CPU
		{EAE7224D-774D-4409-A7E1-8B6D6E676BD1}.Release|x64.Build.0 = Release|Any CPU
		{EAE7224D-774D-4409-A7E1-8B6D6E676BD1}.Release|x86.ActiveCfg = Release|Any CPU
		{EAE7224D-774D-4409-A7E1-8B6D6E676BD1}.Release|x86.Build.0 = Release|Any CPU
		{354AEC60-44FE-400D-9A5D-85AB1DFFCD37}.Debug|Any CPU.ActiveCfg = Debug|Any CPU
		{354AEC60-44FE-400D-9A5D-85AB1DFFCD37}.Debug|Any CPU.Build.0 = Debug|Any CPU
		{354AEC60-44FE-400D-9A5D-85AB1DFFCD37}.Debug|x64.ActiveCfg = Debug|Any CPU
		{354AEC60-44FE-400D-9A5D-85AB1DFFCD37}.Debug|x64.Build.0 = Debug|Any CPU
		{354AEC60-44FE-400D-9A5D-85AB1DFFCD37}.Debug|x86.ActiveCfg = Debug|Any CPU
		{354AEC60-44FE-400D-9A5D-85AB1DFFCD37}.Debug|x86.Build.0 = Debug|Any CPU
		{354AEC60-44FE-400D-9A5D-85AB1DFFCD37}.Release|Any CPU.ActiveCfg = Release|Any CPU
		{354AEC60-44FE-400D-9A5D-85AB1DFFCD37}.Release|Any CPU.Build.0 = Release|Any CPU
		{354AEC60-44FE-400D-9A5D-85AB1DFFCD37}.Release|x64.ActiveCfg = Release|Any CPU
		{354AEC60-44FE-400D-9A5D-85AB1DFFCD37}.Release|x64.Build.0 = Release|Any CPU
		{354AEC60-44FE-400D-9A5D-85AB1DFFCD37}.Release|x86.ActiveCfg = Release|Any CPU
		{354AEC60-44FE-400D-9A5D-85AB1DFFCD37}.Release|x86.Build.0 = Release|Any CPU
	EndGlobalSection
	GlobalSection(SolutionProperties) = preSolution
		HideSolutionNode = FALSE
	EndGlobalSection
	GlobalSection(NestedProjects) = preSolution
		{B97E9D07-A56E-46DD-8B6D-048FBC6F1583} = {C2D49FCF-804B-4D11-AAA5-E9F1D61E1A4E}
		{02EA681E-C7D8-13C7-8484-4AC65E1B71E8} = {ED6B87EB-3428-47F6-8391-D1973DAD1DFC}
		{8BC5FD3F-1DA0-40CE-B353-2A22665B19C4} = {ED6B87EB-3428-47F6-8391-D1973DAD1DFC}
		{7591B2E0-E654-0807-3C55-AE3E7394C3B9} = {02EA681E-C7D8-13C7-8484-4AC65E1B71E8}
		{C3DDD662-6193-03EE-D780-E0AF7043DAB7} = {02EA681E-C7D8-13C7-8484-4AC65E1B71E8}
		{8E9D752E-4C87-BCC8-1E15-C30E0ADE441F} = {02EA681E-C7D8-13C7-8484-4AC65E1B71E8}
		{7B7A7422-1E23-7D20-7CDE-F557E6B8B8D7} = {8BC5FD3F-1DA0-40CE-B353-2A22665B19C4}
		{657E813D-46C0-C12D-417A-6824E2BB5C9F} = {8BC5FD3F-1DA0-40CE-B353-2A22665B19C4}
		{FEDBA8AE-B233-ECB5-4AA5-CC0E2CED132B} = {C2D49FCF-804B-4D11-AAA5-E9F1D61E1A4E}
		{AE29080E-ABA8-5E62-D5B8-99F0FB654799} = {C2D49FCF-804B-4D11-AAA5-E9F1D61E1A4E}
		{0E324FCF-EA72-F811-B24A-267C5BAAD0E9} = {C2D49FCF-804B-4D11-AAA5-E9F1D61E1A4E}
		{C17982B0-F9D1-4955-AA69-D40CA42EC53E} = {0AB3BF05-4346-4AA6-1389-037BE0695223}
		{EAE7224D-774D-4409-A7E1-8B6D6E676BD1} = {0AB3BF05-4346-4AA6-1389-037BE0695223}
		{354AEC60-44FE-400D-9A5D-85AB1DFFCD37} = {0AB3BF05-4346-4AA6-1389-037BE0695223}
	EndGlobalSection
	GlobalSection(ExtensibilityGlobals) = postSolution
		SolutionGuid = {1BDB2D7C-36CD-492E-8DC8-C408526FB358}
	EndGlobalSection
EndGlobal
